// !$*UTF8*$!
{
	archiveVersion = 1;
	classes = {
	};
	objectVersion = 50;
	objects = {

/* Begin PBXBuildFile section */
		654C93572371E69800435EF1 /* ProfilController.swift in Sources */ = {isa = PBXBuildFile; fileRef = 654C93562371E69800435EF1 /* ProfilController.swift */; };
		654C93592371E6A500435EF1 /* ProfilView.swift in Sources */ = {isa = PBXBuildFile; fileRef = 654C93582371E6A500435EF1 /* ProfilView.swift */; };
		654C935B2371E6B000435EF1 /* ProfilModel.swift in Sources */ = {isa = PBXBuildFile; fileRef = 654C935A2371E6B000435EF1 /* ProfilModel.swift */; };
		654C935D2372248E00435EF1 /* SifremiUnuttumController.swift in Sources */ = {isa = PBXBuildFile; fileRef = 654C935C2372248E00435EF1 /* SifremiUnuttumController.swift */; };
		654C935F2372249B00435EF1 /* SifremiUnuttumView.swift in Sources */ = {isa = PBXBuildFile; fileRef = 654C935E2372249B00435EF1 /* SifremiUnuttumView.swift */; };
		654C9361237224A500435EF1 /* SifremiUnuttumModel.swift in Sources */ = {isa = PBXBuildFile; fileRef = 654C9360237224A500435EF1 /* SifremiUnuttumModel.swift */; };
		65A79F2D236C79590023308C /* AppDelegate.swift in Sources */ = {isa = PBXBuildFile; fileRef = 65A79F2C236C79590023308C /* AppDelegate.swift */; };
		65A79F2F236C79590023308C /* SceneDelegate.swift in Sources */ = {isa = PBXBuildFile; fileRef = 65A79F2E236C79590023308C /* SceneDelegate.swift */; };
		65A79F31236C79590023308C /* RegisterController.swift in Sources */ = {isa = PBXBuildFile; fileRef = 65A79F30236C79590023308C /* RegisterController.swift */; };
		65A79F34236C79590023308C /* Main.storyboard in Resources */ = {isa = PBXBuildFile; fileRef = 65A79F32236C79590023308C /* Main.storyboard */; };
		65A79F36236C795A0023308C /* Assets.xcassets in Resources */ = {isa = PBXBuildFile; fileRef = 65A79F35236C795A0023308C /* Assets.xcassets */; };
		65A79F39236C795B0023308C /* LaunchScreen.storyboard in Resources */ = {isa = PBXBuildFile; fileRef = 65A79F37236C795B0023308C /* LaunchScreen.storyboard */; };
		65A79F44236C7B500023308C /* RegisterView.swift in Sources */ = {isa = PBXBuildFile; fileRef = 65A79F43236C7B500023308C /* RegisterView.swift */; };
		65A79F46236C7B740023308C /* RegisterModel.swift in Sources */ = {isa = PBXBuildFile; fileRef = 65A79F45236C7B740023308C /* RegisterModel.swift */; };
		65A79F48236CDE270023308C /* LoginModel.swift in Sources */ = {isa = PBXBuildFile; fileRef = 65A79F47236CDE270023308C /* LoginModel.swift */; };
		65A79F4A236CDE380023308C /* LoginView.swift in Sources */ = {isa = PBXBuildFile; fileRef = 65A79F49236CDE380023308C /* LoginView.swift */; };
		65A79F4C236CDE530023308C /* LoginController.swift in Sources */ = {isa = PBXBuildFile; fileRef = 65A79F4B236CDE530023308C /* LoginController.swift */; };
		65A79F4E236F18C00023308C /* HomePageModel.swift in Sources */ = {isa = PBXBuildFile; fileRef = 65A79F4D236F18C00023308C /* HomePageModel.swift */; };
		65A79F50236F18CF0023308C /* HomePageView.swift in Sources */ = {isa = PBXBuildFile; fileRef = 65A79F4F236F18CF0023308C /* HomePageView.swift */; };
		65A79F52236F18E90023308C /* HomePageController.swift in Sources */ = {isa = PBXBuildFile; fileRef = 65A79F51236F18E90023308C /* HomePageController.swift */; };
		65A79F54236F3F640023308C /* DuyurularController.swift in Sources */ = {isa = PBXBuildFile; fileRef = 65A79F53236F3F640023308C /* DuyurularController.swift */; };
		65A79F56236F405E0023308C /* DuyurularView.swift in Sources */ = {isa = PBXBuildFile; fileRef = 65A79F55236F405E0023308C /* DuyurularView.swift */; };
		65A79F59236F40790023308C /* DuyurularModel.swift in Sources */ = {isa = PBXBuildFile; fileRef = 65A79F58236F40790023308C /* DuyurularModel.swift */; };
		65A79F5B236F80460023308C /* DuyurularTableViewCell.swift in Sources */ = {isa = PBXBuildFile; fileRef = 65A79F5A236F80460023308C /* DuyurularTableViewCell.swift */; };
		65A79F5D237067660023308C /* HaberAnalizController.swift in Sources */ = {isa = PBXBuildFile; fileRef = 65A79F5C237067660023308C /* HaberAnalizController.swift */; };
		65A79F5F2370677A0023308C /* HaberAnalizView.swift in Sources */ = {isa = PBXBuildFile; fileRef = 65A79F5E2370677A0023308C /* HaberAnalizView.swift */; };
		65A79F61237067BB0023308C /* HaberAnalizModel.swift in Sources */ = {isa = PBXBuildFile; fileRef = 65A79F60237067BB0023308C /* HaberAnalizModel.swift */; };
		65A79F63237069620023308C /* HaberAnalizTableViewCell.swift in Sources */ = {isa = PBXBuildFile; fileRef = 65A79F62237069620023308C /* HaberAnalizTableViewCell.swift */; };
		65A79F6523709DD10023308C /* ParaCekmeController.swift in Sources */ = {isa = PBXBuildFile; fileRef = 65A79F6423709DD10023308C /* ParaCekmeController.swift */; };
		65A79F6723709DE70023308C /* ParaCekmeView.swift in Sources */ = {isa = PBXBuildFile; fileRef = 65A79F6623709DE70023308C /* ParaCekmeView.swift */; };
		65A79F6923709DF90023308C /* ParaCekmeModel.swift in Sources */ = {isa = PBXBuildFile; fileRef = 65A79F6823709DF90023308C /* ParaCekmeModel.swift */; };
		65A79F6B2370A4E30023308C /* IbanController.swift in Sources */ = {isa = PBXBuildFile; fileRef = 65A79F6A2370A4E30023308C /* IbanController.swift */; };
		65A79F6D2370A4F80023308C /* IbanView.swift in Sources */ = {isa = PBXBuildFile; fileRef = 65A79F6C2370A4F80023308C /* IbanView.swift */; };
		65A79F6F2370A5080023308C /* IbanModel.swift in Sources */ = {isa = PBXBuildFile; fileRef = 65A79F6E2370A5080023308C /* IbanModel.swift */; };
		65A79F712370E39D0023308C /* VirmanController.swift in Sources */ = {isa = PBXBuildFile; fileRef = 65A79F702370E39D0023308C /* VirmanController.swift */; };
		65A79F732370E3BF0023308C /* VirmanView.swift in Sources */ = {isa = PBXBuildFile; fileRef = 65A79F722370E3BF0023308C /* VirmanView.swift */; };
		65A79F752370E3D00023308C /* VirmanModel.swift in Sources */ = {isa = PBXBuildFile; fileRef = 65A79F742370E3D00023308C /* VirmanModel.swift */; };
		65A79F772370F0CF0023308C /* KrediKartController.swift in Sources */ = {isa = PBXBuildFile; fileRef = 65A79F762370F0CF0023308C /* KrediKartController.swift */; };
		65A79F792370F0E90023308C /* KrediKartView.swift in Sources */ = {isa = PBXBuildFile; fileRef = 65A79F782370F0E90023308C /* KrediKartView.swift */; };
		65A79F7B2370F0FA0023308C /* KrediKartModel.swift in Sources */ = {isa = PBXBuildFile; fileRef = 65A79F7A2370F0FA0023308C /* KrediKartModel.swift */; };
/* End PBXBuildFile section */

/* Begin PBXFileReference section */
		654C93562371E69800435EF1 /* ProfilController.swift */ = {isa = PBXFileReference; lastKnownFileType = sourcecode.swift; path = ProfilController.swift; sourceTree = "<group>"; };
		654C93582371E6A500435EF1 /* ProfilView.swift */ = {isa = PBXFileReference; lastKnownFileType = sourcecode.swift; path = ProfilView.swift; sourceTree = "<group>"; };
		654C935A2371E6B000435EF1 /* ProfilModel.swift */ = {isa = PBXFileReference; lastKnownFileType = sourcecode.swift; path = ProfilModel.swift; sourceTree = "<group>"; };
		654C935C2372248E00435EF1 /* SifremiUnuttumController.swift */ = {isa = PBXFileReference; lastKnownFileType = sourcecode.swift; path = SifremiUnuttumController.swift; sourceTree = "<group>"; };
		654C935E2372249B00435EF1 /* SifremiUnuttumView.swift */ = {isa = PBXFileReference; lastKnownFileType = sourcecode.swift; path = SifremiUnuttumView.swift; sourceTree = "<group>"; };
		654C9360237224A500435EF1 /* SifremiUnuttumModel.swift */ = {isa = PBXFileReference; lastKnownFileType = sourcecode.swift; path = SifremiUnuttumModel.swift; sourceTree = "<group>"; };
		65A79F29236C79590023308C /* Pricebox FX.app */ = {isa = PBXFileReference; explicitFileType = wrapper.application; includeInIndex = 0; path = "Pricebox FX.app"; sourceTree = BUILT_PRODUCTS_DIR; };
		65A79F2C236C79590023308C /* AppDelegate.swift */ = {isa = PBXFileReference; lastKnownFileType = sourcecode.swift; path = AppDelegate.swift; sourceTree = "<group>"; };
		65A79F2E236C79590023308C /* SceneDelegate.swift */ = {isa = PBXFileReference; lastKnownFileType = sourcecode.swift; path = SceneDelegate.swift; sourceTree = "<group>"; };
		65A79F30236C79590023308C /* RegisterController.swift */ = {isa = PBXFileReference; lastKnownFileType = sourcecode.swift; path = RegisterController.swift; sourceTree = "<group>"; };
		65A79F33236C79590023308C /* Base */ = {isa = PBXFileReference; lastKnownFileType = file.storyboard; name = Base; path = Base.lproj/Main.storyboard; sourceTree = "<group>"; };
		65A79F35236C795A0023308C /* Assets.xcassets */ = {isa = PBXFileReference; lastKnownFileType = folder.assetcatalog; path = Assets.xcassets; sourceTree = "<group>"; };
		65A79F38236C795B0023308C /* Base */ = {isa = PBXFileReference; lastKnownFileType = file.storyboard; name = Base; path = Base.lproj/LaunchScreen.storyboard; sourceTree = "<group>"; };
		65A79F3A236C795B0023308C /* Info.plist */ = {isa = PBXFileReference; lastKnownFileType = text.plist.xml; path = Info.plist; sourceTree = "<group>"; };
		65A79F43236C7B500023308C /* RegisterView.swift */ = {isa = PBXFileReference; lastKnownFileType = sourcecode.swift; path = RegisterView.swift; sourceTree = "<group>"; };
		65A79F45236C7B740023308C /* RegisterModel.swift */ = {isa = PBXFileReference; lastKnownFileType = sourcecode.swift; path = RegisterModel.swift; sourceTree = "<group>"; };
		65A79F47236CDE270023308C /* LoginModel.swift */ = {isa = PBXFileReference; lastKnownFileType = sourcecode.swift; path = LoginModel.swift; sourceTree = "<group>"; };
		65A79F49236CDE380023308C /* LoginView.swift */ = {isa = PBXFileReference; lastKnownFileType = sourcecode.swift; path = LoginView.swift; sourceTree = "<group>"; };
		65A79F4B236CDE530023308C /* LoginController.swift */ = {isa = PBXFileReference; lastKnownFileType = sourcecode.swift; path = LoginController.swift; sourceTree = "<group>"; };
		65A79F4D236F18C00023308C /* HomePageModel.swift */ = {isa = PBXFileReference; lastKnownFileType = sourcecode.swift; path = HomePageModel.swift; sourceTree = "<group>"; };
		65A79F4F236F18CF0023308C /* HomePageView.swift */ = {isa = PBXFileReference; lastKnownFileType = sourcecode.swift; path = HomePageView.swift; sourceTree = "<group>"; };
		65A79F51236F18E90023308C /* HomePageController.swift */ = {isa = PBXFileReference; lastKnownFileType = sourcecode.swift; path = HomePageController.swift; sourceTree = "<group>"; };
		65A79F53236F3F640023308C /* DuyurularController.swift */ = {isa = PBXFileReference; lastKnownFileType = sourcecode.swift; path = DuyurularController.swift; sourceTree = "<group>"; };
		65A79F55236F405E0023308C /* DuyurularView.swift */ = {isa = PBXFileReference; lastKnownFileType = sourcecode.swift; path = DuyurularView.swift; sourceTree = "<group>"; };
		65A79F58236F40790023308C /* DuyurularModel.swift */ = {isa = PBXFileReference; lastKnownFileType = sourcecode.swift; path = DuyurularModel.swift; sourceTree = "<group>"; };
		65A79F5A236F80460023308C /* DuyurularTableViewCell.swift */ = {isa = PBXFileReference; lastKnownFileType = sourcecode.swift; path = DuyurularTableViewCell.swift; sourceTree = "<group>"; };
		65A79F5C237067660023308C /* HaberAnalizController.swift */ = {isa = PBXFileReference; lastKnownFileType = sourcecode.swift; path = HaberAnalizController.swift; sourceTree = "<group>"; };
		65A79F5E2370677A0023308C /* HaberAnalizView.swift */ = {isa = PBXFileReference; lastKnownFileType = sourcecode.swift; path = HaberAnalizView.swift; sourceTree = "<group>"; };
		65A79F60237067BB0023308C /* HaberAnalizModel.swift */ = {isa = PBXFileReference; lastKnownFileType = sourcecode.swift; path = HaberAnalizModel.swift; sourceTree = "<group>"; };
		65A79F62237069620023308C /* HaberAnalizTableViewCell.swift */ = {isa = PBXFileReference; lastKnownFileType = sourcecode.swift; path = HaberAnalizTableViewCell.swift; sourceTree = "<group>"; };
		65A79F6423709DD10023308C /* ParaCekmeController.swift */ = {isa = PBXFileReference; lastKnownFileType = sourcecode.swift; path = ParaCekmeController.swift; sourceTree = "<group>"; };
		65A79F6623709DE70023308C /* ParaCekmeView.swift */ = {isa = PBXFileReference; lastKnownFileType = sourcecode.swift; path = ParaCekmeView.swift; sourceTree = "<group>"; };
		65A79F6823709DF90023308C /* ParaCekmeModel.swift */ = {isa = PBXFileReference; lastKnownFileType = sourcecode.swift; path = ParaCekmeModel.swift; sourceTree = "<group>"; };
		65A79F6A2370A4E30023308C /* IbanController.swift */ = {isa = PBXFileReference; lastKnownFileType = sourcecode.swift; path = IbanController.swift; sourceTree = "<group>"; };
		65A79F6C2370A4F80023308C /* IbanView.swift */ = {isa = PBXFileReference; lastKnownFileType = sourcecode.swift; path = IbanView.swift; sourceTree = "<group>"; };
		65A79F6E2370A5080023308C /* IbanModel.swift */ = {isa = PBXFileReference; lastKnownFileType = sourcecode.swift; path = IbanModel.swift; sourceTree = "<group>"; };
		65A79F702370E39D0023308C /* VirmanController.swift */ = {isa = PBXFileReference; lastKnownFileType = sourcecode.swift; path = VirmanController.swift; sourceTree = "<group>"; };
		65A79F722370E3BF0023308C /* VirmanView.swift */ = {isa = PBXFileReference; lastKnownFileType = sourcecode.swift; path = VirmanView.swift; sourceTree = "<group>"; };
		65A79F742370E3D00023308C /* VirmanModel.swift */ = {isa = PBXFileReference; lastKnownFileType = sourcecode.swift; path = VirmanModel.swift; sourceTree = "<group>"; };
		65A79F762370F0CF0023308C /* KrediKartController.swift */ = {isa = PBXFileReference; lastKnownFileType = sourcecode.swift; path = KrediKartController.swift; sourceTree = "<group>"; };
		65A79F782370F0E90023308C /* KrediKartView.swift */ = {isa = PBXFileReference; lastKnownFileType = sourcecode.swift; path = KrediKartView.swift; sourceTree = "<group>"; };
		65A79F7A2370F0FA0023308C /* KrediKartModel.swift */ = {isa = PBXFileReference; lastKnownFileType = sourcecode.swift; path = KrediKartModel.swift; sourceTree = "<group>"; };
/* End PBXFileReference section */

/* Begin PBXFrameworksBuildPhase section */
		65A79F26236C79590023308C /* Frameworks */ = {
			isa = PBXFrameworksBuildPhase;
			buildActionMask = 2147483647;
			files = (
			);
			runOnlyForDeploymentPostprocessing = 0;
		};
/* End PBXFrameworksBuildPhase section */

/* Begin PBXGroup section */
		65A79F20236C79590023308C = {
			isa = PBXGroup;
			children = (
				65A79F2B236C79590023308C /* PriceBoxApp */,
				65A79F2A236C79590023308C /* Products */,
			);
			sourceTree = "<group>";
		};
		65A79F2A236C79590023308C /* Products */ = {
			isa = PBXGroup;
			children = (
				65A79F29236C79590023308C /* Pricebox FX.app */,
			);
			name = Products;
			sourceTree = "<group>";
		};
		65A79F2B236C79590023308C /* PriceBoxApp */ = {
			isa = PBXGroup;
			children = (
				65A79F42236C79770023308C /* Controller */,
				65A79F41236C79710023308C /* View */,
				65A79F40236C796A0023308C /* Model */,
				65A79F2C236C79590023308C /* AppDelegate.swift */,
				65A79F2E236C79590023308C /* SceneDelegate.swift */,
				65A79F32236C79590023308C /* Main.storyboard */,
				65A79F35236C795A0023308C /* Assets.xcassets */,
				65A79F37236C795B0023308C /* LaunchScreen.storyboard */,
				65A79F3A236C795B0023308C /* Info.plist */,
			);
			path = PriceBoxApp;
			sourceTree = "<group>";
		};
		65A79F40236C796A0023308C /* Model */ = {
			isa = PBXGroup;
			children = (
				65A79F45236C7B740023308C /* RegisterModel.swift */,
				65A79F47236CDE270023308C /* LoginModel.swift */,
				65A79F4D236F18C00023308C /* HomePageModel.swift */,
				65A79F58236F40790023308C /* DuyurularModel.swift */,
				65A79F60237067BB0023308C /* HaberAnalizModel.swift */,
				65A79F6823709DF90023308C /* ParaCekmeModel.swift */,
				65A79F6E2370A5080023308C /* IbanModel.swift */,
				65A79F742370E3D00023308C /* VirmanModel.swift */,
				65A79F7A2370F0FA0023308C /* KrediKartModel.swift */,
				654C935A2371E6B000435EF1 /* ProfilModel.swift */,
				654C9360237224A500435EF1 /* SifremiUnuttumModel.swift */,
			);
			path = Model;
			sourceTree = "<group>";
		};
		65A79F41236C79710023308C /* View */ = {
			isa = PBXGroup;
			children = (
				65A79F43236C7B500023308C /* RegisterView.swift */,
				65A79F49236CDE380023308C /* LoginView.swift */,
				65A79F4F236F18CF0023308C /* HomePageView.swift */,
				65A79F55236F405E0023308C /* DuyurularView.swift */,
				65A79F5A236F80460023308C /* DuyurularTableViewCell.swift */,
				65A79F5E2370677A0023308C /* HaberAnalizView.swift */,
				65A79F62237069620023308C /* HaberAnalizTableViewCell.swift */,
				65A79F6623709DE70023308C /* ParaCekmeView.swift */,
				65A79F6C2370A4F80023308C /* IbanView.swift */,
				65A79F722370E3BF0023308C /* VirmanView.swift */,
				65A79F782370F0E90023308C /* KrediKartView.swift */,
				654C93582371E6A500435EF1 /* ProfilView.swift */,
				654C935E2372249B00435EF1 /* SifremiUnuttumView.swift */,
			);
			path = View;
			sourceTree = "<group>";
		};
		65A79F42236C79770023308C /* Controller */ = {
			isa = PBXGroup;
			children = (
				65A79F30236C79590023308C /* RegisterController.swift */,
				65A79F4B236CDE530023308C /* LoginController.swift */,
				65A79F51236F18E90023308C /* HomePageController.swift */,
				65A79F53236F3F640023308C /* DuyurularController.swift */,
				65A79F5C237067660023308C /* HaberAnalizController.swift */,
				65A79F6423709DD10023308C /* ParaCekmeController.swift */,
				65A79F6A2370A4E30023308C /* IbanController.swift */,
				65A79F702370E39D0023308C /* VirmanController.swift */,
				65A79F762370F0CF0023308C /* KrediKartController.swift */,
				654C93562371E69800435EF1 /* ProfilController.swift */,
				654C935C2372248E00435EF1 /* SifremiUnuttumController.swift */,
			);
			path = Controller;
			sourceTree = "<group>";
		};
/* End PBXGroup section */

/* Begin PBXNativeTarget section */
		65A79F28236C79590023308C /* PriceBoxApp */ = {
			isa = PBXNativeTarget;
			buildConfigurationList = 65A79F3D236C795B0023308C /* Build configuration list for PBXNativeTarget "PriceBoxApp" */;
			buildPhases = (
				65A79F25236C79590023308C /* Sources */,
				65A79F26236C79590023308C /* Frameworks */,
				65A79F27236C79590023308C /* Resources */,
			);
			buildRules = (
			);
			dependencies = (
			);
			name = PriceBoxApp;
			productName = PriceBoxApp;
			productReference = 65A79F29236C79590023308C /* Pricebox FX.app */;
			productType = "com.apple.product-type.application";
		};
/* End PBXNativeTarget section */

/* Begin PBXProject section */
		65A79F21236C79590023308C /* Project object */ = {
			isa = PBXProject;
			attributes = {
				LastSwiftUpdateCheck = 1120;
				LastUpgradeCheck = 1120;
				ORGANIZATIONNAME = "Burak Yılmaz";
				TargetAttributes = {
					65A79F28236C79590023308C = {
						CreatedOnToolsVersion = 11.2;
					};
				};
			};
			buildConfigurationList = 65A79F24236C79590023308C /* Build configuration list for PBXProject "PriceBoxApp" */;
			compatibilityVersion = "Xcode 9.3";
			developmentRegion = en;
			hasScannedForEncodings = 0;
			knownRegions = (
				en,
				Base,
			);
			mainGroup = 65A79F20236C79590023308C;
			productRefGroup = 65A79F2A236C79590023308C /* Products */;
			projectDirPath = "";
			projectRoot = "";
			targets = (
				65A79F28236C79590023308C /* PriceBoxApp */,
			);
		};
/* End PBXProject section */

/* Begin PBXResourcesBuildPhase section */
		65A79F27236C79590023308C /* Resources */ = {
			isa = PBXResourcesBuildPhase;
			buildActionMask = 2147483647;
			files = (
				65A79F39236C795B0023308C /* LaunchScreen.storyboard in Resources */,
				65A79F36236C795A0023308C /* Assets.xcassets in Resources */,
				65A79F34236C79590023308C /* Main.storyboard in Resources */,
			);
			runOnlyForDeploymentPostprocessing = 0;
		};
/* End PBXResourcesBuildPhase section */

/* Begin PBXSourcesBuildPhase section */
		65A79F25236C79590023308C /* Sources */ = {
			isa = PBXSourcesBuildPhase;
			buildActionMask = 2147483647;
			files = (
				65A79F4E236F18C00023308C /* HomePageModel.swift in Sources */,
				654C93572371E69800435EF1 /* ProfilController.swift in Sources */,
				65A79F772370F0CF0023308C /* KrediKartController.swift in Sources */,
				65A79F46236C7B740023308C /* RegisterModel.swift in Sources */,
				65A79F732370E3BF0023308C /* VirmanView.swift in Sources */,
				65A79F56236F405E0023308C /* DuyurularView.swift in Sources */,
				65A79F5F2370677A0023308C /* HaberAnalizView.swift in Sources */,
				65A79F4A236CDE380023308C /* LoginView.swift in Sources */,
				65A79F48236CDE270023308C /* LoginModel.swift in Sources */,
				654C935B2371E6B000435EF1 /* ProfilModel.swift in Sources */,
				654C935D2372248E00435EF1 /* SifremiUnuttumController.swift in Sources */,
				65A79F6723709DE70023308C /* ParaCekmeView.swift in Sources */,
				65A79F50236F18CF0023308C /* HomePageView.swift in Sources */,
				654C93592371E6A500435EF1 /* ProfilView.swift in Sources */,
				65A79F61237067BB0023308C /* HaberAnalizModel.swift in Sources */,
				65A79F54236F3F640023308C /* DuyurularController.swift in Sources */,
				65A79F31236C79590023308C /* RegisterController.swift in Sources */,
				65A79F2D236C79590023308C /* AppDelegate.swift in Sources */,
				65A79F63237069620023308C /* HaberAnalizTableViewCell.swift in Sources */,
				65A79F752370E3D00023308C /* VirmanModel.swift in Sources */,
				65A79F4C236CDE530023308C /* LoginController.swift in Sources */,
				65A79F6D2370A4F80023308C /* IbanView.swift in Sources */,
				65A79F6F2370A5080023308C /* IbanModel.swift in Sources */,
				65A79F7B2370F0FA0023308C /* KrediKartModel.swift in Sources */,
				654C9361237224A500435EF1 /* SifremiUnuttumModel.swift in Sources */,
				65A79F712370E39D0023308C /* VirmanController.swift in Sources */,
				65A79F44236C7B500023308C /* RegisterView.swift in Sources */,
				65A79F5D237067660023308C /* HaberAnalizController.swift in Sources */,
				654C935F2372249B00435EF1 /* SifremiUnuttumView.swift in Sources */,
				65A79F2F236C79590023308C /* SceneDelegate.swift in Sources */,
				65A79F6B2370A4E30023308C /* IbanController.swift in Sources */,
				65A79F792370F0E90023308C /* KrediKartView.swift in Sources */,
				65A79F52236F18E90023308C /* HomePageController.swift in Sources */,
				65A79F6523709DD10023308C /* ParaCekmeController.swift in Sources */,
				65A79F5B236F80460023308C /* DuyurularTableViewCell.swift in Sources */,
				65A79F59236F40790023308C /* DuyurularModel.swift in Sources */,
				65A79F6923709DF90023308C /* ParaCekmeModel.swift in Sources */,
			);
			runOnlyForDeploymentPostprocessing = 0;
		};
/* End PBXSourcesBuildPhase section */

/* Begin PBXVariantGroup section */
		65A79F32236C79590023308C /* Main.storyboard */ = {
			isa = PBXVariantGroup;
			children = (
				65A79F33236C79590023308C /* Base */,
			);
			name = Main.storyboard;
			sourceTree = "<group>";
		};
		65A79F37236C795B0023308C /* LaunchScreen.storyboard */ = {
			isa = PBXVariantGroup;
			children = (
				65A79F38236C795B0023308C /* Base */,
			);
			name = LaunchScreen.storyboard;
			sourceTree = "<group>";
		};
/* End PBXVariantGroup section */

/* Begin XCBuildConfiguration section */
		65A79F3B236C795B0023308C /* Debug */ = {
			isa = XCBuildConfiguration;
			buildSettings = {
				ALWAYS_SEARCH_USER_PATHS = NO;
				CLANG_ANALYZER_NONNULL = YES;
				CLANG_ANALYZER_NUMBER_OBJECT_CONVERSION = YES_AGGRESSIVE;
				CLANG_CXX_LANGUAGE_STANDARD = "gnu++14";
				CLANG_CXX_LIBRARY = "libc++";
				CLANG_ENABLE_MODULES = YES;
				CLANG_ENABLE_OBJC_ARC = YES;
				CLANG_ENABLE_OBJC_WEAK = YES;
				CLANG_WARN_BLOCK_CAPTURE_AUTORELEASING = YES;
				CLANG_WARN_BOOL_CONVERSION = YES;
				CLANG_WARN_COMMA = YES;
				CLANG_WARN_CONSTANT_CONVERSION = YES;
				CLANG_WARN_DEPRECATED_OBJC_IMPLEMENTATIONS = YES;
				CLANG_WARN_DIRECT_OBJC_ISA_USAGE = YES_ERROR;
				CLANG_WARN_DOCUMENTATION_COMMENTS = YES;
				CLANG_WARN_EMPTY_BODY = YES;
				CLANG_WARN_ENUM_CONVERSION = YES;
				CLANG_WARN_INFINITE_RECURSION = YES;
				CLANG_WARN_INT_CONVERSION = YES;
				CLANG_WARN_NON_LITERAL_NULL_CONVERSION = YES;
				CLANG_WARN_OBJC_IMPLICIT_RETAIN_SELF = YES;
				CLANG_WARN_OBJC_LITERAL_CONVERSION = YES;
				CLANG_WARN_OBJC_ROOT_CLASS = YES_ERROR;
				CLANG_WARN_RANGE_LOOP_ANALYSIS = YES;
				CLANG_WARN_STRICT_PROTOTYPES = YES;
				CLANG_WARN_SUSPICIOUS_MOVE = YES;
				CLANG_WARN_UNGUARDED_AVAILABILITY = YES_AGGRESSIVE;
				CLANG_WARN_UNREACHABLE_CODE = YES;
				CLANG_WARN__DUPLICATE_METHOD_MATCH = YES;
				COPY_PHASE_STRIP = NO;
				DEBUG_INFORMATION_FORMAT = dwarf;
				ENABLE_STRICT_OBJC_MSGSEND = YES;
				ENABLE_TESTABILITY = YES;
				GCC_C_LANGUAGE_STANDARD = gnu11;
				GCC_DYNAMIC_NO_PIC = NO;
				GCC_NO_COMMON_BLOCKS = YES;
				GCC_OPTIMIZATION_LEVEL = 0;
				GCC_PREPROCESSOR_DEFINITIONS = (
					"DEBUG=1",
					"$(inherited)",
				);
				GCC_WARN_64_TO_32_BIT_CONVERSION = YES;
				GCC_WARN_ABOUT_RETURN_TYPE = YES_ERROR;
				GCC_WARN_UNDECLARED_SELECTOR = YES;
				GCC_WARN_UNINITIALIZED_AUTOS = YES_AGGRESSIVE;
				GCC_WARN_UNUSED_FUNCTION = YES;
				GCC_WARN_UNUSED_VARIABLE = YES;
				IPHONEOS_DEPLOYMENT_TARGET = 13.2;
				MTL_ENABLE_DEBUG_INFO = INCLUDE_SOURCE;
				MTL_FAST_MATH = YES;
				ONLY_ACTIVE_ARCH = YES;
				SDKROOT = iphoneos;
				SWIFT_ACTIVE_COMPILATION_CONDITIONS = DEBUG;
				SWIFT_OPTIMIZATION_LEVEL = "-Onone";
			};
			name = Debug;
		};
		65A79F3C236C795B0023308C /* Release */ = {
			isa = XCBuildConfiguration;
			buildSettings = {
				ALWAYS_SEARCH_USER_PATHS = NO;
				CLANG_ANALYZER_NONNULL = YES;
				CLANG_ANALYZER_NUMBER_OBJECT_CONVERSION = YES_AGGRESSIVE;
				CLANG_CXX_LANGUAGE_STANDARD = "gnu++14";
				CLANG_CXX_LIBRARY = "libc++";
				CLANG_ENABLE_MODULES = YES;
				CLANG_ENABLE_OBJC_ARC = YES;
				CLANG_ENABLE_OBJC_WEAK = YES;
				CLANG_WARN_BLOCK_CAPTURE_AUTORELEASING = YES;
				CLANG_WARN_BOOL_CONVERSION = YES;
				CLANG_WARN_COMMA = YES;
				CLANG_WARN_CONSTANT_CONVERSION = YES;
				CLANG_WARN_DEPRECATED_OBJC_IMPLEMENTATIONS = YES;
				CLANG_WARN_DIRECT_OBJC_ISA_USAGE = YES_ERROR;
				CLANG_WARN_DOCUMENTATION_COMMENTS = YES;
				CLANG_WARN_EMPTY_BODY = YES;
				CLANG_WARN_ENUM_CONVERSION = YES;
				CLANG_WARN_INFINITE_RECURSION = YES;
				CLANG_WARN_INT_CONVERSION = YES;
				CLANG_WARN_NON_LITERAL_NULL_CONVERSION = YES;
				CLANG_WARN_OBJC_IMPLICIT_RETAIN_SELF = YES;
				CLANG_WARN_OBJC_LITERAL_CONVERSION = YES;
				CLANG_WARN_OBJC_ROOT_CLASS = YES_ERROR;
				CLANG_WARN_RANGE_LOOP_ANALYSIS = YES;
				CLANG_WARN_STRICT_PROTOTYPES = YES;
				CLANG_WARN_SUSPICIOUS_MOVE = YES;
				CLANG_WARN_UNGUARDED_AVAILABILITY = YES_AGGRESSIVE;
				CLANG_WARN_UNREACHABLE_CODE = YES;
				CLANG_WARN__DUPLICATE_METHOD_MATCH = YES;
				COPY_PHASE_STRIP = NO;
				DEBUG_INFORMATION_FORMAT = "dwarf-with-dsym";
				ENABLE_NS_ASSERTIONS = NO;
				ENABLE_STRICT_OBJC_MSGSEND = YES;
				GCC_C_LANGUAGE_STANDARD = gnu11;
				GCC_NO_COMMON_BLOCKS = YES;
				GCC_WARN_64_TO_32_BIT_CONVERSION = YES;
				GCC_WARN_ABOUT_RETURN_TYPE = YES_ERROR;
				GCC_WARN_UNDECLARED_SELECTOR = YES;
				GCC_WARN_UNINITIALIZED_AUTOS = YES_AGGRESSIVE;
				GCC_WARN_UNUSED_FUNCTION = YES;
				GCC_WARN_UNUSED_VARIABLE = YES;
				IPHONEOS_DEPLOYMENT_TARGET = 13.2;
				MTL_ENABLE_DEBUG_INFO = NO;
				MTL_FAST_MATH = YES;
				SDKROOT = iphoneos;
				SWIFT_COMPILATION_MODE = wholemodule;
				SWIFT_OPTIMIZATION_LEVEL = "-O";
				VALIDATE_PRODUCT = YES;
			};
			name = Release;
		};
		65A79F3E236C795B0023308C /* Debug */ = {
			isa = XCBuildConfiguration;
			buildSettings = {
				ASSETCATALOG_COMPILER_APPICON_NAME = AppIcon;
				CODE_SIGN_STYLE = Automatic;
				DEVELOPMENT_TEAM = DKBB6B72V9;
				INFOPLIST_FILE = PriceBoxApp/Info.plist;
				LD_RUNPATH_SEARCH_PATHS = (
					"$(inherited)",
					"@executable_path/Frameworks",
				);
				MARKETING_VERSION = 1.1;
				PRODUCT_BUNDLE_IDENTIFIER = com.PriceBoxAppForex;
				PRODUCT_NAME = "Pricebox FX";
				SWIFT_VERSION = 5.0;
				TARGETED_DEVICE_FAMILY = "1,2";
			};
			name = Debug;
		};
		65A79F3F236C795B0023308C /* Release */ = {
			isa = XCBuildConfiguration;
			buildSettings = {
				ASSETCATALOG_COMPILER_APPICON_NAME = AppIcon;
				CODE_SIGN_STYLE = Automatic;
				DEVELOPMENT_TEAM = DKBB6B72V9;
				INFOPLIST_FILE = PriceBoxApp/Info.plist;
				LD_RUNPATH_SEARCH_PATHS = (
					"$(inherited)",
					"@executable_path/Frameworks",
				);
				MARKETING_VERSION = 1.1;
				PRODUCT_BUNDLE_IDENTIFIER = com.PriceBoxAppForex;
				PRODUCT_NAME = "Pricebox FX";
				SWIFT_VERSION = 5.0;
				TARGETED_DEVICE_FAMILY = "1,2";
			};
			name = Release;
		};
/* End XCBuildConfiguration section */

/* Begin XCConfigurationList section */
		65A79F24236C79590023308C /* Build configuration list for PBXProject "PriceBoxApp" */ = {
			isa = XCConfigurationList;
			buildConfigurations = (
				65A79F3B236C795B0023308C /* Debug */,
				65A79F3C236C795B0023308C /* Release */,
			);
			defaultConfigurationIsVisible = 0;
			defaultConfigurationName = Release;
		};
		65A79F3D236C795B0023308C /* Build configuration list for PBXNativeTarget "PriceBoxApp" */ = {
			isa = XCConfigurationList;
			buildConfigurations = (
				65A79F3E236C795B0023308C /* Debug */,
				65A79F3F236C795B0023308C /* Release */,
			);
			defaultConfigurationIsVisible = 0;
			defaultConfigurationName = Release;
		};
/* End XCConfigurationList section */
	};
	rootObject = 65A79F21236C79590023308C /* Project object */;
}
